
Microsoft Visual Studio Solution File, Format Version 12.00
# Visual Studio Version 16
VisualStudioVersion = 16.0.31019.35
MinimumVisualStudioVersion = 10.0.40219.1
Project("{FAE04EC0-301F-11D3-BF4B-00C04F79EFBC}") = "Entrenamiento", "Entrenamiento\Entrenamiento.csproj", "{0D456688-D530-49E3-BA6E-88CD6C34F875}"
EndProject
Global
	GlobalSection(SolutionConfigurationPlatforms) = preSolution
		Debug|Any CPU = Debug|Any CPU
		Release|Any CPU = Release|Any CPU
	EndGlobalSection
	GlobalSection(ProjectConfigurationPlatforms) = postSolution
		{0D456688-D530-49E3-BA6E-88CD6C34F875}.Debug|Any CPU.ActiveCfg = Debug|Any CPU
		{0D456688-D530-49E3-BA6E-88CD6C34F875}.Debug|Any CPU.Build.0 = Debug|Any CPU
		{0D456688-D530-49E3-BA6E-88CD6C34F875}.Release|Any CPU.ActiveCfg = Release|Any CPU
		{0D456688-D530-49E3-BA6E-88CD6C34F875}.Release|Any CPU.Build.0 = Release|Any CPU
	EndGlobalSection
	GlobalSection(SolutionProperties) = preSolution
		HideSolutionNode = FALSE
	EndGlobalSection
	GlobalSection(ExtensibilityGlobals) = postSolution
		SolutionGuid = {CB955062-008A-4D98-A6C4-7F7C4CC65F2E}
	EndGlobalSection
EndGlobal
